
Microsoft Visual Studio Solution File, Format Version 12.00
# Visual Studio Version 16
VisualStudioVersion = 16.0.30413.136
MinimumVisualStudioVersion = 15.0.26124.0
Project("{2150E333-8FDC-42A3-9474-1A3956D46DE8}") = "src", "src", "{698BB81C-FA64-4327-8DFB-91551F3B1A34}"
EndProject
Project("{9A19103F-16F7-4668-BE54-9A1E7A4F7556}") = "DojoCourse.Web", "src\DojoCourse.Web\DojoCourse.Web.csproj", "{26238F7C-EBFD-4209-9C98-812E46095D96}"
EndProject
Project("{2150E333-8FDC-42A3-9474-1A3956D46DE8}") = "Modules", "Modules", "{0F6D8313-7D48-44FB-8E58-7B3B7AF8D264}"
EndProject
Project("{9A19103F-16F7-4668-BE54-9A1E7A4F7556}") = "DojoCourse.Module", "src\Modules\DojoCourse.Module\DojoCourse.Module.csproj", "{0B5DB0DF-C406-4C9A-AB00-2D88AD976513}"
EndProject
Project("{2150E333-8FDC-42A3-9474-1A3956D46DE8}") = "Themes", "Themes", "{96D260A8-2D3F-4748-8EAF-D9CF160D8956}"
EndProject
Project("{9A19103F-16F7-4668-BE54-9A1E7A4F7556}") = "DojoCourse.Theme", "src\Themes\DojoCourse.Theme\DojoCourse.Theme.csproj", "{85AA1CB7-FA65-4FF5-ADEC-4ECF5A0A271C}"
EndProject
Project("{9A19103F-16F7-4668-BE54-9A1E7A4F7556}") = "OrchardCore.AuditTrail", "src\Modules\OrchardCore.AuditTrail\OrchardCore.AuditTrail.csproj", "{1D56263C-D3D4-4EEE-896B-0921DEC44AC4}"
EndProject
Global
	GlobalSection(SolutionConfigurationPlatforms) = preSolution
		Debug|Any CPU = Debug|Any CPU
		Debug|x64 = Debug|x64
		Debug|x86 = Debug|x86
		Release|Any CPU = Release|Any CPU
		Release|x64 = Release|x64
		Release|x86 = Release|x86
	EndGlobalSection
	GlobalSection(ProjectConfigurationPlatforms) = postSolution
		{26238F7C-EBFD-4209-9C98-812E46095D96}.Debug|Any CPU.ActiveCfg = Debug|Any CPU
		{26238F7C-EBFD-4209-9C98-812E46095D96}.Debug|Any CPU.Build.0 = Debug|Any CPU
		{26238F7C-EBFD-4209-9C98-812E46095D96}.Debug|x64.ActiveCfg = Debug|Any CPU
		{26238F7C-EBFD-4209-9C98-812E46095D96}.Debug|x64.Build.0 = Debug|Any CPU
		{26238F7C-EBFD-4209-9C98-812E46095D96}.Debug|x86.ActiveCfg = Debug|Any CPU
		{26238F7C-EBFD-4209-9C98-812E46095D96}.Debug|x86.Build.0 = Debug|Any CPU
		{26238F7C-EBFD-4209-9C98-812E46095D96}.Release|Any CPU.ActiveCfg = Release|Any CPU
		{26238F7C-EBFD-4209-9C98-812E46095D96}.Release|Any CPU.Build.0 = Release|Any CPU
		{26238F7C-EBFD-4209-9C98-812E46095D96}.Release|x64.ActiveCfg = Release|Any CPU
		{26238F7C-EBFD-4209-9C98-812E46095D96}.Release|x64.Build.0 = Release|Any CPU
		{26238F7C-EBFD-4209-9C98-812E46095D96}.Release|x86.ActiveCfg = Release|Any CPU
		{26238F7C-EBFD-4209-9C98-812E46095D96}.Release|x86.Build.0 = Release|Any CPU
		{0B5DB0DF-C406-4C9A-AB00-2D88AD976513}.Debug|Any CPU.ActiveCfg = Debug|Any CPU
		{0B5DB0DF-C406-4C9A-AB00-2D88AD976513}.Debug|Any CPU.Build.0 = Debug|Any CPU
		{0B5DB0DF-C406-4C9A-AB00-2D88AD976513}.Debug|x64.ActiveCfg = Debug|Any CPU
		{0B5DB0DF-C406-4C9A-AB00-2D88AD976513}.Debug|x64.Build.0 = Debug|Any CPU
		{0B5DB0DF-C406-4C9A-AB00-2D88AD976513}.Debug|x86.ActiveCfg = Debug|Any CPU
		{0B5DB0DF-C406-4C9A-AB00-2D88AD976513}.Debug|x86.Build.0 = Debug|Any CPU
		{0B5DB0DF-C406-4C9A-AB00-2D88AD976513}.Release|Any CPU.ActiveCfg = Release|Any CPU
		{0B5DB0DF-C406-4C9A-AB00-2D88AD976513}.Release|Any CPU.Build.0 = Release|Any CPU
		{0B5DB0DF-C406-4C9A-AB00-2D88AD976513}.Release|x64.ActiveCfg = Release|Any CPU
		{0B5DB0DF-C406-4C9A-AB00-2D88AD976513}.Release|x64.Build.0 = Release|Any CPU
		{0B5DB0DF-C406-4C9A-AB00-2D88AD976513}.Release|x86.ActiveCfg = Release|Any CPU
		{0B5DB0DF-C406-4C9A-AB00-2D88AD976513}.Release|x86.Build.0 = Release|Any CPU
		{85AA1CB7-FA65-4FF5-ADEC-4ECF5A0A271C}.Debug|Any CPU.ActiveCfg = Debug|Any CPU
		{85AA1CB7-FA65-4FF5-ADEC-4ECF5A0A271C}.Debug|Any CPU.Build.0 = Debug|Any CPU
		{85AA1CB7-FA65-4FF5-ADEC-4ECF5A0A271C}.Debug|x64.ActiveCfg = Debug|Any CPU
		{85AA1CB7-FA65-4FF5-ADEC-4ECF5A0A271C}.Debug|x64.Build.0 = Debug|Any CPU
		{85AA1CB7-FA65-4FF5-ADEC-4ECF5A0A271C}.Debug|x86.ActiveCfg = Debug|Any CPU
		{85AA1CB7-FA65-4FF5-ADEC-4ECF5A0A271C}.Debug|x86.Build.0 = Debug|Any CPU
		{85AA1CB7-FA65-4FF5-ADEC-4ECF5A0A271C}.Release|Any CPU.ActiveCfg = Release|Any CPU
		{85AA1CB7-FA65-4FF5-ADEC-4ECF5A0A271C}.Release|Any CPU.Build.0 = Release|Any CPU
		{85AA1CB7-FA65-4FF5-ADEC-4ECF5A0A271C}.Release|x64.ActiveCfg = Release|Any CPU
		{85AA1CB7-FA65-4FF5-ADEC-4ECF5A0A271C}.Release|x64.Build.0 = Release|Any CPU
		{85AA1CB7-FA65-4FF5-ADEC-4ECF5A0A271C}.Release|x86.ActiveCfg = Release|Any CPU
		{85AA1CB7-FA65-4FF5-ADEC-4ECF5A0A271C}.Release|x86.Build.0 = Release|Any CPU
		{1D56263C-D3D4-4EEE-896B-0921DEC44AC4}.Debug|Any CPU.ActiveCfg = Debug|Any CPU
		{1D56263C-D3D4-4EEE-896B-0921DEC44AC4}.Debug|Any CPU.Build.0 = Debug|Any CPU
		{1D56263C-D3D4-4EEE-896B-0921DEC44AC4}.Debug|x64.ActiveCfg = Debug|Any CPU
		{1D56263C-D3D4-4EEE-896B-0921DEC44AC4}.Debug|x64.Build.0 = Debug|Any CPU
		{1D56263C-D3D4-4EEE-896B-0921DEC44AC4}.Debug|x86.ActiveCfg = Debug|Any CPU
		{1D56263C-D3D4-4EEE-896B-0921DEC44AC4}.Debug|x86.Build.0 = Debug|Any CPU
		{1D56263C-D3D4-4EEE-896B-0921DEC44AC4}.Release|Any CPU.ActiveCfg = Release|Any CPU
		{1D56263C-D3D4-4EEE-896B-0921DEC44AC4}.Release|Any CPU.Build.0 = Release|Any CPU
		{1D56263C-D3D4-4EEE-896B-0921DEC44AC4}.Release|x64.ActiveCfg = Release|Any CPU
		{1D56263C-D3D4-4EEE-896B-0921DEC44AC4}.Release|x64.Build.0 = Release|Any CPU
		{1D56263C-D3D4-4EEE-896B-0921DEC44AC4}.Release|x86.ActiveCfg = Release|Any CPU
		{1D56263C-D3D4-4EEE-896B-0921DEC44AC4}.Release|x86.Build.0 = Release|Any CPU
	EndGlobalSection
	GlobalSection(SolutionProperties) = preSolution
		HideSolutionNode = FALSE
	EndGlobalSection
	GlobalSection(NestedProjects) = preSolution
		{26238F7C-EBFD-4209-9C98-812E46095D96} = {698BB81C-FA64-4327-8DFB-91551F3B1A34}
		{0F6D8313-7D48-44FB-8E58-7B3B7AF8D264} = {698BB81C-FA64-4327-8DFB-91551F3B1A34}
		{0B5DB0DF-C406-4C9A-AB00-2D88AD976513} = {0F6D8313-7D48-44FB-8E58-7B3B7AF8D264}
		{96D260A8-2D3F-4748-8EAF-D9CF160D8956} = {698BB81C-FA64-4327-8DFB-91551F3B1A34}
		{85AA1CB7-FA65-4FF5-ADEC-4ECF5A0A271C} = {96D260A8-2D3F-4748-8EAF-D9CF160D8956}
		{1D56263C-D3D4-4EEE-896B-0921DEC44AC4} = {0F6D8313-7D48-44FB-8E58-7B3B7AF8D264}
	EndGlobalSection
	GlobalSection(ExtensibilityGlobals) = postSolution
		SolutionGuid = {07CD1D94-AEA6-4561-A21B-4CC9B767B50B}
	EndGlobalSection
EndGlobal
